
Microsoft Visual Studio Solution File, Format Version 12.00
# Visual Studio 15
VisualStudioVersion = 15.0.27703.2018
MinimumVisualStudioVersion = 10.0.40219.1
Project("{2150E333-8FDC-42A3-9474-1A3956D46DE8}") = "Console", "Console", "{6F4B932F-87F8-475A-B457-C39F59A9ECA1}"
EndProject
Project("{9A19103F-16F7-4668-BE54-9A1E7A4F7556}") = "StarWarsSupplyConsole", "StarWarsSupplyConsole\StarWarsSupplyConsole.csproj", "{70596998-F591-4E74-BF25-323905DB99D7}"
EndProject
Project("{2150E333-8FDC-42A3-9474-1A3956D46DE8}") = "Infrastructure", "Infrastructure", "{D1025DFB-2024-4D00-9166-7D9DA4C915C4}"
EndProject
Project("{2150E333-8FDC-42A3-9474-1A3956D46DE8}") = "Data", "Data", "{D639F72D-C164-405D-9DD5-8861D9A87B74}"
EndProject
Project("{2150E333-8FDC-42A3-9474-1A3956D46DE8}") = "Domain", "Domain", "{3D62EEA0-951C-48FD-929A-206758385A53}"
EndProject
Project("{2150E333-8FDC-42A3-9474-1A3956D46DE8}") = "Models", "Models", "{DFADF23E-54B0-4E4A-BE25-2F397CF3BB5E}"
EndProject
Project("{2150E333-8FDC-42A3-9474-1A3956D46DE8}") = "Services", "Services", "{3D36BF5C-2609-468A-8C19-F0F045EBF12D}"
EndProject
Project("{9A19103F-16F7-4668-BE54-9A1E7A4F7556}") = "Domain.Models", "Domain.Models\Domain.Models.csproj", "{23A75B81-7CA9-4CDE-99B7-B7D0D8469AFD}"
EndProject
Project("{9A19103F-16F7-4668-BE54-9A1E7A4F7556}") = "Domain.Services", "Domain.Services\Domain.Services.csproj", "{548DDB3A-EA42-4086-B06E-55ECD493D6C3}"
EndProject
Project("{2150E333-8FDC-42A3-9474-1A3956D46DE8}") = "Interfaces", "Interfaces", "{555DDFC1-C67C-4485-A837-081501A38850}"
EndProject
Project("{9A19103F-16F7-4668-BE54-9A1E7A4F7556}") = "Domain.Interfaces", "Domain.Interfaces\Domain.Interfaces.csproj", "{0FD98903-A68F-4947-94A4-AA646A0ACC8A}"
EndProject
Project("{9A19103F-16F7-4668-BE54-9A1E7A4F7556}") = "Infrastructure.Data", "Infrastructure.Data\Infrastructure.Data.csproj", "{8BE840CB-3C5D-4CEE-8460-9AE8E626CA42}"
EndProject
Project("{2150E333-8FDC-42A3-9474-1A3956D46DE8}") = "Tests", "Tests", "{34B76F78-3BE9-4DB6-A67F-3707C4701A7C}"
EndProject
Project("{9A19103F-16F7-4668-BE54-9A1E7A4F7556}") = "StarWarsSupplyTests", "StarWarsSupplyTests\StarWarsSupplyTests.csproj", "{929FF1AD-5F5F-4FC2-9CB5-965188137D5D}"
EndProject
Project("{2150E333-8FDC-42A3-9474-1A3956D46DE8}") = "IoC", "IoC", "{EF83D365-9F65-4185-A638-869BC6A23F39}"
EndProject
Project("{9A19103F-16F7-4668-BE54-9A1E7A4F7556}") = "Infrastructure.IoC", "Infrastructure.IoC\Infrastructure.IoC.csproj", "{29A6C25C-4A03-4D61-9DF8-54EBABC1C3A2}"
EndProject
Project("{2150E333-8FDC-42A3-9474-1A3956D46DE8}") = "Presentation", "Presentation", "{2C7E87D7-C569-4683-8CF7-459A227765E6}"
EndProject
Project("{FAE04EC0-301F-11D3-BF4B-00C04F79EFBC}") = "StarWarsSupplyWebAPI", "StarWarsSupplyWebAPI\StarWarsSupplyWebAPI.csproj", "{6661829E-F07C-484F-B4D3-B1D9A7443934}"
EndProject
Global
	GlobalSection(SolutionConfigurationPlatforms) = preSolution
		Debug|Any CPU = Debug|Any CPU
		Release|Any CPU = Release|Any CPU
	EndGlobalSection
	GlobalSection(ProjectConfigurationPlatforms) = postSolution
		{70596998-F591-4E74-BF25-323905DB99D7}.Debug|Any CPU.ActiveCfg = Debug|Any CPU
		{70596998-F591-4E74-BF25-323905DB99D7}.Debug|Any CPU.Build.0 = Debug|Any CPU
		{70596998-F591-4E74-BF25-323905DB99D7}.Release|Any CPU.ActiveCfg = Release|Any CPU
		{70596998-F591-4E74-BF25-323905DB99D7}.Release|Any CPU.Build.0 = Release|Any CPU
		{23A75B81-7CA9-4CDE-99B7-B7D0D8469AFD}.Debug|Any CPU.ActiveCfg = Debug|Any CPU
		{23A75B81-7CA9-4CDE-99B7-B7D0D8469AFD}.Debug|Any CPU.Build.0 = Debug|Any CPU
		{23A75B81-7CA9-4CDE-99B7-B7D0D8469AFD}.Release|Any CPU.ActiveCfg = Release|Any CPU
		{23A75B81-7CA9-4CDE-99B7-B7D0D8469AFD}.Release|Any CPU.Build.0 = Release|Any CPU
		{548DDB3A-EA42-4086-B06E-55ECD493D6C3}.Debug|Any CPU.ActiveCfg = Debug|Any CPU
		{548DDB3A-EA42-4086-B06E-55ECD493D6C3}.Debug|Any CPU.Build.0 = Debug|Any CPU
		{548DDB3A-EA42-4086-B06E-55ECD493D6C3}.Release|Any CPU.ActiveCfg = Release|Any CPU
		{548DDB3A-EA42-4086-B06E-55ECD493D6C3}.Release|Any CPU.Build.0 = Release|Any CPU
		{0FD98903-A68F-4947-94A4-AA646A0ACC8A}.Debug|Any CPU.ActiveCfg = Debug|Any CPU
		{0FD98903-A68F-4947-94A4-AA646A0ACC8A}.Debug|Any CPU.Build.0 = Debug|Any CPU
		{0FD98903-A68F-4947-94A4-AA646A0ACC8A}.Release|Any CPU.ActiveCfg = Release|Any CPU
		{0FD98903-A68F-4947-94A4-AA646A0ACC8A}.Release|Any CPU.Build.0 = Release|Any CPU
		{8BE840CB-3C5D-4CEE-8460-9AE8E626CA42}.Debug|Any CPU.ActiveCfg = Debug|Any CPU
		{8BE840CB-3C5D-4CEE-8460-9AE8E626CA42}.Debug|Any CPU.Build.0 = Debug|Any CPU
		{8BE840CB-3C5D-4CEE-8460-9AE8E626CA42}.Release|Any CPU.ActiveCfg = Release|Any CPU
		{8BE840CB-3C5D-4CEE-8460-9AE8E626CA42}.Release|Any CPU.Build.0 = Release|Any CPU
		{929FF1AD-5F5F-4FC2-9CB5-965188137D5D}.Debug|Any CPU.ActiveCfg = Debug|Any CPU
		{929FF1AD-5F5F-4FC2-9CB5-965188137D5D}.Debug|Any CPU.Build.0 = Debug|Any CPU
		{929FF1AD-5F5F-4FC2-9CB5-965188137D5D}.Release|Any CPU.ActiveCfg = Release|Any CPU
		{929FF1AD-5F5F-4FC2-9CB5-965188137D5D}.Release|Any CPU.Build.0 = Release|Any CPU
		{29A6C25C-4A03-4D61-9DF8-54EBABC1C3A2}.Debug|Any CPU.ActiveCfg = Debug|Any CPU
		{29A6C25C-4A03-4D61-9DF8-54EBABC1C3A2}.Debug|Any CPU.Build.0 = Debug|Any CPU
		{29A6C25C-4A03-4D61-9DF8-54EBABC1C3A2}.Release|Any CPU.ActiveCfg = Release|Any CPU
		{29A6C25C-4A03-4D61-9DF8-54EBABC1C3A2}.Release|Any CPU.Build.0 = Release|Any CPU
		{6661829E-F07C-484F-B4D3-B1D9A7443934}.Debug|Any CPU.ActiveCfg = Debug|Any CPU
		{6661829E-F07C-484F-B4D3-B1D9A7443934}.Debug|Any CPU.Build.0 = Debug|Any CPU
		{6661829E-F07C-484F-B4D3-B1D9A7443934}.Release|Any CPU.ActiveCfg = Release|Any CPU
		{6661829E-F07C-484F-B4D3-B1D9A7443934}.Release|Any CPU.Build.0 = Release|Any CPU
	EndGlobalSection
	GlobalSection(SolutionProperties) = preSolution
		HideSolutionNode = FALSE
	EndGlobalSection
	GlobalSection(NestedProjects) = preSolution
		{70596998-F591-4E74-BF25-323905DB99D7} = {6F4B932F-87F8-475A-B457-C39F59A9ECA1}
		{D639F72D-C164-405D-9DD5-8861D9A87B74} = {D1025DFB-2024-4D00-9166-7D9DA4C915C4}
		{DFADF23E-54B0-4E4A-BE25-2F397CF3BB5E} = {3D62EEA0-951C-48FD-929A-206758385A53}
		{3D36BF5C-2609-468A-8C19-F0F045EBF12D} = {3D62EEA0-951C-48FD-929A-206758385A53}
		{23A75B81-7CA9-4CDE-99B7-B7D0D8469AFD} = {DFADF23E-54B0-4E4A-BE25-2F397CF3BB5E}
		{548DDB3A-EA42-4086-B06E-55ECD493D6C3} = {3D36BF5C-2609-468A-8C19-F0F045EBF12D}
		{555DDFC1-C67C-4485-A837-081501A38850} = {3D62EEA0-951C-48FD-929A-206758385A53}
		{0FD98903-A68F-4947-94A4-AA646A0ACC8A} = {555DDFC1-C67C-4485-A837-081501A38850}
		{8BE840CB-3C5D-4CEE-8460-9AE8E626CA42} = {D639F72D-C164-405D-9DD5-8861D9A87B74}
		{929FF1AD-5F5F-4FC2-9CB5-965188137D5D} = {34B76F78-3BE9-4DB6-A67F-3707C4701A7C}
		{EF83D365-9F65-4185-A638-869BC6A23F39} = {D1025DFB-2024-4D00-9166-7D9DA4C915C4}
		{29A6C25C-4A03-4D61-9DF8-54EBABC1C3A2} = {EF83D365-9F65-4185-A638-869BC6A23F39}
		{6661829E-F07C-484F-B4D3-B1D9A7443934} = {2C7E87D7-C569-4683-8CF7-459A227765E6}
	EndGlobalSection
	GlobalSection(ExtensibilityGlobals) = postSolution
		SolutionGuid = {71C11697-DDCC-4AC5-A25B-4F17E49738D2}
	EndGlobalSection
EndGlobal
